// !$*UTF8*$!
{
	archiveVersion = 1;
	classes = {
	};
	objectVersion = 77;
	objects = {

/* Begin PBXBuildFile section */
		DA1E55E12EB13DAC00EC7F32 /* Assets.xcassets in Resources */ = {isa = PBXBuildFile; fileRef = DA1E55D62EB13DAC00EC7F32 /* Assets.xcassets */; };
		DA1E55E32EB13DAC00EC7F32 /* LaunchScreen.storyboard in Resources */ = {isa = PBXBuildFile; fileRef = DA1E55D92EB13DAC00EC7F32 /* LaunchScreen.storyboard */; };
		DA1E55E52EB13DAC00EC7F32 /* AppDelegate.swift in Sources */ = {isa = PBXBuildFile; fileRef = DA1E55D52EB13DAC00EC7F32 /* AppDelegate.swift */; };
		DA1E55E72EB13DAC00EC7F32 /* SekretulkaApp.xcdatamodeld in Sources */ = {isa = PBXBuildFile; fileRef = DA1E55DD2EB13DAC00EC7F32 /* SekretulkaApp.xcdatamodeld */; };
		DAA89DF02EB154480056A207 /* AppCoordinator.swift in Sources */ = {isa = PBXBuildFile; fileRef = DAA89DEF2EB154480056A207 /* AppCoordinator.swift */; };
		DAA89DF22EB154E60056A207 /* CoordinatorProtocol.swift in Sources */ = {isa = PBXBuildFile; fileRef = DAA89DF12EB154E60056A207 /* CoordinatorProtocol.swift */; };
		DAA89DF52EB1554A0056A207 /* CoordinatorAnimator.swift in Sources */ = {isa = PBXBuildFile; fileRef = DAA89DF42EB1554A0056A207 /* CoordinatorAnimator.swift */; };
		DAA89DFA2EB1563C0056A207 /* LaunchViewModel.swift in Sources */ = {isa = PBXBuildFile; fileRef = DAA89DF92EB1563C0056A207 /* LaunchViewModel.swift */; };
		DAA89E022EB1586F0056A207 /* BaseViewController.swift in Sources */ = {isa = PBXBuildFile; fileRef = DAA89E012EB1586F0056A207 /* BaseViewController.swift */; };
		DAA89E052EB158870056A207 /* LaunchViewController.xib in Resources */ = {isa = PBXBuildFile; fileRef = DAA89E042EB158870056A207 /* LaunchViewController.xib */; };
		DAA89E062EB158870056A207 /* LaunchViewController.swift in Sources */ = {isa = PBXBuildFile; fileRef = DAA89E032EB158870056A207 /* LaunchViewController.swift */; };
		DAA89E0A2EB159A00056A207 /* NibLoadable.swift in Sources */ = {isa = PBXBuildFile; fileRef = DAA89E092EB159970056A207 /* NibLoadable.swift */; };
		DAA89E0D2EB15CFA0056A207 /* IntroductionViewController.xib in Resources */ = {isa = PBXBuildFile; fileRef = DAA89E0C2EB15CFA0056A207 /* IntroductionViewController.xib */; };
		DAA89E0E2EB15CFA0056A207 /* IntroductionViewController.swift in Sources */ = {isa = PBXBuildFile; fileRef = DAA89E0B2EB15CFA0056A207 /* IntroductionViewController.swift */; };
		DAA89E112EB15E080056A207 /* IntroductionViewModel.swift in Sources */ = {isa = PBXBuildFile; fileRef = DAA89E102EB15E080056A207 /* IntroductionViewModel.swift */; };
		DAA89E142EB16C540056A207 /* Localizable.xcstrings in Resources */ = {isa = PBXBuildFile; fileRef = DAA89E132EB16C540056A207 /* Localizable.xcstrings */; };
		DAA89E182EB16D110056A207 /* AppTexts.swift in Sources */ = {isa = PBXBuildFile; fileRef = DAA89E172EB16D110056A207 /* AppTexts.swift */; };
/* End PBXBuildFile section */

/* Begin PBXFileReference section */
		DA1E55BA2EB13D2300EC7F32 /* SekretulkaApp.app */ = {isa = PBXFileReference; explicitFileType = wrapper.application; includeInIndex = 0; path = SekretulkaApp.app; sourceTree = BUILT_PRODUCTS_DIR; };
		DA1E55D52EB13DAC00EC7F32 /* AppDelegate.swift */ = {isa = PBXFileReference; lastKnownFileType = sourcecode.swift; path = AppDelegate.swift; sourceTree = "<group>"; };
		DA1E55D62EB13DAC00EC7F32 /* Assets.xcassets */ = {isa = PBXFileReference; lastKnownFileType = folder.assetcatalog; path = Assets.xcassets; sourceTree = "<group>"; };
		DA1E55D72EB13DAC00EC7F32 /* Info.plist */ = {isa = PBXFileReference; lastKnownFileType = text.plist.xml; path = Info.plist; sourceTree = "<group>"; };
		DA1E55D82EB13DAC00EC7F32 /* Base */ = {isa = PBXFileReference; lastKnownFileType = file.storyboard; name = Base; path = Base.lproj/LaunchScreen.storyboard; sourceTree = "<group>"; };
		DA1E55E02EB13DAC00EC7F32 /* SekretulkaApp.xcdatamodel */ = {isa = PBXFileReference; lastKnownFileType = wrapper.xcdatamodel; path = SekretulkaApp.xcdatamodel; sourceTree = "<group>"; };
		DAA89DEF2EB154480056A207 /* AppCoordinator.swift */ = {isa = PBXFileReference; lastKnownFileType = sourcecode.swift; path = AppCoordinator.swift; sourceTree = "<group>"; };
		DAA89DF12EB154E60056A207 /* CoordinatorProtocol.swift */ = {isa = PBXFileReference; lastKnownFileType = sourcecode.swift; path = CoordinatorProtocol.swift; sourceTree = "<group>"; };
		DAA89DF42EB1554A0056A207 /* CoordinatorAnimator.swift */ = {isa = PBXFileReference; lastKnownFileType = sourcecode.swift; path = CoordinatorAnimator.swift; sourceTree = "<group>"; };
		DAA89DF92EB1563C0056A207 /* LaunchViewModel.swift */ = {isa = PBXFileReference; lastKnownFileType = sourcecode.swift; path = LaunchViewModel.swift; sourceTree = "<group>"; };
		DAA89E012EB1586F0056A207 /* BaseViewController.swift */ = {isa = PBXFileReference; lastKnownFileType = sourcecode.swift; path = BaseViewController.swift; sourceTree = "<group>"; };
		DAA89E032EB158870056A207 /* LaunchViewController.swift */ = {isa = PBXFileReference; lastKnownFileType = sourcecode.swift; path = LaunchViewController.swift; sourceTree = "<group>"; };
		DAA89E042EB158870056A207 /* LaunchViewController.xib */ = {isa = PBXFileReference; lastKnownFileType = file.xib; path = LaunchViewController.xib; sourceTree = "<group>"; };
		DAA89E092EB159970056A207 /* NibLoadable.swift */ = {isa = PBXFileReference; lastKnownFileType = sourcecode.swift; path = NibLoadable.swift; sourceTree = "<group>"; };
		DAA89E0B2EB15CFA0056A207 /* IntroductionViewController.swift */ = {isa = PBXFileReference; lastKnownFileType = sourcecode.swift; path = IntroductionViewController.swift; sourceTree = "<group>"; };
		DAA89E0C2EB15CFA0056A207 /* IntroductionViewController.xib */ = {isa = PBXFileReference; lastKnownFileType = file.xib; path = IntroductionViewController.xib; sourceTree = "<group>"; };
		DAA89E102EB15E080056A207 /* IntroductionViewModel.swift */ = {isa = PBXFileReference; lastKnownFileType = sourcecode.swift; path = IntroductionViewModel.swift; sourceTree = "<group>"; };
		DAA89E132EB16C540056A207 /* Localizable.xcstrings */ = {isa = PBXFileReference; lastKnownFileType = text.json.xcstrings; path = Localizable.xcstrings; sourceTree = "<group>"; };
		DAA89E172EB16D110056A207 /* AppTexts.swift */ = {isa = PBXFileReference; lastKnownFileType = sourcecode.swift; path = AppTexts.swift; sourceTree = "<group>"; };
/* End PBXFileReference section */

/* Begin PBXFrameworksBuildPhase section */
		DA1E55B72EB13D2300EC7F32 /* Frameworks */ = {
			isa = PBXFrameworksBuildPhase;
			buildActionMask = 2147483647;
			files = (
			);
			runOnlyForDeploymentPostprocessing = 0;
		};
/* End PBXFrameworksBuildPhase section */

/* Begin PBXGroup section */
		DA1E55B12EB13D2300EC7F32 = {
			isa = PBXGroup;
			children = (
				DA1E55DF2EB13DAC00EC7F32 /* SekretulkaApp */,
				DA1E55BB2EB13D2300EC7F32 /* Products */,
			);
			sourceTree = "<group>";
		};
		DA1E55BB2EB13D2300EC7F32 /* Products */ = {
			isa = PBXGroup;
			children = (
				DA1E55BA2EB13D2300EC7F32 /* SekretulkaApp.app */,
			);
			name = Products;
			sourceTree = "<group>";
		};
		DA1E55DF2EB13DAC00EC7F32 /* SekretulkaApp */ = {
			isa = PBXGroup;
			children = (
				DAA89DDE2EB150560056A207 /* Configuration */,
				DAA89DE02EB151C00056A207 /* LayoutPreview */,
				DAA89DE82EB152D60056A207 /* ViewController */,
				DAA89DF62EB156220056A207 /* ViewModel */,
				DAA89DE22EB152730056A207 /* Components */,
				DAA89DE52EB152B10056A207 /* Storage */,
				DAA89DEC2EB154080056A207 /* Navigation */,
				DAA89DFD2EB158390056A207 /* Helpers */,
				DAA89E122EB1696F0056A207 /* Localizable */,
			);
			path = SekretulkaApp;
			sourceTree = "<group>";
		};
		DAA89DDE2EB150560056A207 /* Configuration */ = {
			isa = PBXGroup;
			children = (
				DA1E55D52EB13DAC00EC7F32 /* AppDelegate.swift */,
				DAA89DDF2EB150720056A207 /* AppSettings */,
			);
			path = Configuration;
			sourceTree = "<group>";
		};
		DAA89DDF2EB150720056A207 /* AppSettings */ = {
			isa = PBXGroup;
			children = (
				DA1E55D72EB13DAC00EC7F32 /* Info.plist */,
			);
			path = AppSettings;
			sourceTree = "<group>";
		};
		DAA89DE02EB151C00056A207 /* LayoutPreview */ = {
			isa = PBXGroup;
			children = (
				DAA89DE12EB151EE0056A207 /* Onboarding */,
			);
			path = LayoutPreview;
			sourceTree = "<group>";
		};
		DAA89DE12EB151EE0056A207 /* Onboarding */ = {
			isa = PBXGroup;
			children = (
				DAA89E072EB158920056A207 /* Launch */,
				DAA89E0F2EB15CFE0056A207 /* Introduction */,
			);
			path = Onboarding;
			sourceTree = "<group>";
		};
		DAA89DE22EB152730056A207 /* Components */ = {
			isa = PBXGroup;
			children = (
				DAA89DE32EB152800056A207 /* UserInterface */,
				DAA89E152EB16C700056A207 /* Assets */,
				DAA89DE42EB1529C0056A207 /* Additional */,
			);
			path = Components;
			sourceTree = "<group>";
		};
		DAA89DE32EB152800056A207 /* UserInterface */ = {
			isa = PBXGroup;
			children = (
				DAA89E162EB16D0A0056A207 /* Text */,
			);
			path = UserInterface;
			sourceTree = "<group>";
		};
		DAA89DE42EB1529C0056A207 /* Additional */ = {
			isa = PBXGroup;
			children = (
				DA1E55D92EB13DAC00EC7F32 /* LaunchScreen.storyboard */,
			);
			path = Additional;
			sourceTree = "<group>";
		};
		DAA89DE52EB152B10056A207 /* Storage */ = {
			isa = PBXGroup;
			children = (
				DAA89DE62EB152BE0056A207 /* Local */,
			);
			path = Storage;
			sourceTree = "<group>";
		};
		DAA89DE62EB152BE0056A207 /* Local */ = {
			isa = PBXGroup;
			children = (
				DAA89DE72EB152C40056A207 /* DataModel */,
			);
			path = Local;
			sourceTree = "<group>";
		};
		DAA89DE72EB152C40056A207 /* DataModel */ = {
			isa = PBXGroup;
			children = (
				DA1E55DD2EB13DAC00EC7F32 /* SekretulkaApp.xcdatamodeld */,
			);
			path = DataModel;
			sourceTree = "<group>";
		};
		DAA89DE82EB152D60056A207 /* ViewController */ = {
			isa = PBXGroup;
			children = (
				DAA89DE92EB153100056A207 /* Onboarding */,
			);
			path = ViewController;
			sourceTree = "<group>";
		};
		DAA89DE92EB153100056A207 /* Onboarding */ = {
			isa = PBXGroup;
			children = (
				DAA89DEA2EB153150056A207 /* Launch */,
				DAA89DFC2EB156BD0056A207 /* Introduction */,
			);
			path = Onboarding;
			sourceTree = "<group>";
		};
		DAA89DEA2EB153150056A207 /* Launch */ = {
			isa = PBXGroup;
			children = (
				DAA89E032EB158870056A207 /* LaunchViewController.swift */,
			);
			path = Launch;
			sourceTree = "<group>";
		};
		DAA89DEC2EB154080056A207 /* Navigation */ = {
			isa = PBXGroup;
			children = (
				DAA89DED2EB154180056A207 /* Coordinator */,
			);
			path = Navigation;
			sourceTree = "<group>";
		};
		DAA89DED2EB154180056A207 /* Coordinator */ = {
			isa = PBXGroup;
			children = (
				DAA89DF32EB1550E0056A207 /* CoordinatorAnimator */,
				DAA89DEE2EB1543A0056A207 /* CoordinatorProtocol */,
				DAA89DEF2EB154480056A207 /* AppCoordinator.swift */,
			);
			path = Coordinator;
			sourceTree = "<group>";
		};
		DAA89DEE2EB1543A0056A207 /* CoordinatorProtocol */ = {
			isa = PBXGroup;
			children = (
				DAA89DF12EB154E60056A207 /* CoordinatorProtocol.swift */,
			);
			path = CoordinatorProtocol;
			sourceTree = "<group>";
		};
		DAA89DF32EB1550E0056A207 /* CoordinatorAnimator */ = {
			isa = PBXGroup;
			children = (
				DAA89DF42EB1554A0056A207 /* CoordinatorAnimator.swift */,
			);
			path = CoordinatorAnimator;
			sourceTree = "<group>";
		};
		DAA89DF62EB156220056A207 /* ViewModel */ = {
			isa = PBXGroup;
			children = (
				DAA89DF72EB1562B0056A207 /* Onboarding */,
			);
			path = ViewModel;
			sourceTree = "<group>";
		};
		DAA89DF72EB1562B0056A207 /* Onboarding */ = {
			isa = PBXGroup;
			children = (
				DAA89DF82EB156320056A207 /* Launch */,
				DAA89DFB2EB1568E0056A207 /* Introduction */,
			);
			path = Onboarding;
			sourceTree = "<group>";
		};
		DAA89DF82EB156320056A207 /* Launch */ = {
			isa = PBXGroup;
			children = (
				DAA89DF92EB1563C0056A207 /* LaunchViewModel.swift */,
			);
			path = Launch;
			sourceTree = "<group>";
		};
		DAA89DFB2EB1568E0056A207 /* Introduction */ = {
			isa = PBXGroup;
			children = (
				DAA89E102EB15E080056A207 /* IntroductionViewModel.swift */,
			);
			path = Introduction;
			sourceTree = "<group>";
		};
		DAA89DFC2EB156BD0056A207 /* Introduction */ = {
			isa = PBXGroup;
			children = (
				DAA89E0B2EB15CFA0056A207 /* IntroductionViewController.swift */,
			);
			path = Introduction;
			sourceTree = "<group>";
		};
		DAA89DFD2EB158390056A207 /* Helpers */ = {
			isa = PBXGroup;
			children = (
				DAA89DFE2EB158530056A207 /* ViewController */,
			);
			path = Helpers;
			sourceTree = "<group>";
		};
		DAA89DFE2EB158530056A207 /* ViewController */ = {
			isa = PBXGroup;
			children = (
				DAA89E012EB1586F0056A207 /* BaseViewController.swift */,
				DAA89E082EB159900056A207 /* Support */,
			);
			path = ViewController;
			sourceTree = "<group>";
		};
		DAA89E072EB158920056A207 /* Launch */ = {
			isa = PBXGroup;
			children = (
				DAA89E042EB158870056A207 /* LaunchViewController.xib */,
			);
			path = Launch;
			sourceTree = "<group>";
		};
		DAA89E082EB159900056A207 /* Support */ = {
			isa = PBXGroup;
			children = (
				DAA89E092EB159970056A207 /* NibLoadable.swift */,
			);
			path = Support;
			sourceTree = "<group>";
		};
		DAA89E0F2EB15CFE0056A207 /* Introduction */ = {
			isa = PBXGroup;
			children = (
				DAA89E0C2EB15CFA0056A207 /* IntroductionViewController.xib */,
			);
			path = Introduction;
			sourceTree = "<group>";
		};
		DAA89E122EB1696F0056A207 /* Localizable */ = {
			isa = PBXGroup;
			children = (
				DAA89E132EB16C540056A207 /* Localizable.xcstrings */,
			);
			path = Localizable;
			sourceTree = "<group>";
		};
		DAA89E152EB16C700056A207 /* Assets */ = {
			isa = PBXGroup;
			children = (
				DA1E55D62EB13DAC00EC7F32 /* Assets.xcassets */,
			);
			path = Assets;
			sourceTree = "<group>";
		};
		DAA89E162EB16D0A0056A207 /* Text */ = {
			isa = PBXGroup;
			children = (
				DAA89E172EB16D110056A207 /* AppTexts.swift */,
			);
			path = Text;
			sourceTree = "<group>";
		};
/* End PBXGroup section */

/* Begin PBXNativeTarget section */
		DA1E55B92EB13D2300EC7F32 /* SekretulkaApp */ = {
			isa = PBXNativeTarget;
			buildConfigurationList = DA1E55D02EB13D2500EC7F32 /* Build configuration list for PBXNativeTarget "SekretulkaApp" */;
			buildPhases = (
				DA1E55B62EB13D2300EC7F32 /* Sources */,
				DA1E55B72EB13D2300EC7F32 /* Frameworks */,
				DA1E55B82EB13D2300EC7F32 /* Resources */,
			);
			buildRules = (
			);
			dependencies = (
			);
			name = SekretulkaApp;
			packageProductDependencies = (
			);
			productName = SekretulkaApp;
			productReference = DA1E55BA2EB13D2300EC7F32 /* SekretulkaApp.app */;
			productType = "com.apple.product-type.application";
		};
/* End PBXNativeTarget section */

/* Begin PBXProject section */
		DA1E55B22EB13D2300EC7F32 /* Project object */ = {
			isa = PBXProject;
			attributes = {
				BuildIndependentTargetsInParallel = 1;
				LastSwiftUpdateCheck = 2600;
				LastUpgradeCheck = 2600;
				TargetAttributes = {
					DA1E55B92EB13D2300EC7F32 = {
						CreatedOnToolsVersion = 26.0.1;
					};
				};
			};
			buildConfigurationList = DA1E55B52EB13D2300EC7F32 /* Build configuration list for PBXProject "SekretulkaApp" */;
			developmentRegion = en;
			hasScannedForEncodings = 0;
			knownRegions = (
				en,
				Base,
			);
			mainGroup = DA1E55B12EB13D2300EC7F32;
			minimizedProjectReferenceProxies = 1;
			preferredProjectObjectVersion = 77;
			productRefGroup = DA1E55BB2EB13D2300EC7F32 /* Products */;
			projectDirPath = "";
			projectRoot = "";
			targets = (
				DA1E55B92EB13D2300EC7F32 /* SekretulkaApp */,
			);
		};
/* End PBXProject section */

/* Begin PBXResourcesBuildPhase section */
		DA1E55B82EB13D2300EC7F32 /* Resources */ = {
			isa = PBXResourcesBuildPhase;
			buildActionMask = 2147483647;
			files = (
				DAA89E0D2EB15CFA0056A207 /* IntroductionViewController.xib in Resources */,
				DAA89E142EB16C540056A207 /* Localizable.xcstrings in Resources */,
				DAA89E052EB158870056A207 /* LaunchViewController.xib in Resources */,
				DA1E55E12EB13DAC00EC7F32 /* Assets.xcassets in Resources */,
				DA1E55E32EB13DAC00EC7F32 /* LaunchScreen.storyboard in Resources */,
			);
			runOnlyForDeploymentPostprocessing = 0;
		};
/* End PBXResourcesBuildPhase section */

/* Begin PBXSourcesBuildPhase section */
		DA1E55B62EB13D2300EC7F32 /* Sources */ = {
			isa = PBXSourcesBuildPhase;
			buildActionMask = 2147483647;
			files = (
				DAA89DF02EB154480056A207 /* AppCoordinator.swift in Sources */,
				DA1E55E52EB13DAC00EC7F32 /* AppDelegate.swift in Sources */,
				DAA89E182EB16D110056A207 /* AppTexts.swift in Sources */,
				DAA89DFA2EB1563C0056A207 /* LaunchViewModel.swift in Sources */,
				DAA89E0A2EB159A00056A207 /* NibLoadable.swift in Sources */,
				DAA89E112EB15E080056A207 /* IntroductionViewModel.swift in Sources */,
				DAA89DF22EB154E60056A207 /* CoordinatorProtocol.swift in Sources */,
				DAA89DF52EB1554A0056A207 /* CoordinatorAnimator.swift in Sources */,
				DAA89E0E2EB15CFA0056A207 /* IntroductionViewController.swift in Sources */,
				DAA89E022EB1586F0056A207 /* BaseViewController.swift in Sources */,
				DA1E55E72EB13DAC00EC7F32 /* SekretulkaApp.xcdatamodeld in Sources */,
				DAA89E062EB158870056A207 /* LaunchViewController.swift in Sources */,
			);
			runOnlyForDeploymentPostprocessing = 0;
		};
/* End PBXSourcesBuildPhase section */

/* Begin PBXVariantGroup section */
		DA1E55D92EB13DAC00EC7F32 /* LaunchScreen.storyboard */ = {
			isa = PBXVariantGroup;
			children = (
				DA1E55D82EB13DAC00EC7F32 /* Base */,
			);
			name = LaunchScreen.storyboard;
			sourceTree = "<group>";
		};
/* End PBXVariantGroup section */

/* Begin XCBuildConfiguration section */
		DA1E55D12EB13D2500EC7F32 /* Debug */ = {
			isa = XCBuildConfiguration;
			buildSettings = {
				ASSETCATALOG_COMPILER_APPICON_NAME = AppIcon;
				ASSETCATALOG_COMPILER_GLOBAL_ACCENT_COLOR_NAME = AccentColor;
				CODE_SIGN_IDENTITY = "Apple Development";
				CODE_SIGN_STYLE = Automatic;
				CURRENT_PROJECT_VERSION = 1;
				DEVELOPMENT_TEAM = HLZY6MSJKT;
				GENERATE_INFOPLIST_FILE = YES;
				INFOPLIST_FILE = SekretulkaApp/Configuration/AppSettings/Info.plist;
				INFOPLIST_KEY_UIApplicationSupportsIndirectInputEvents = YES;
				INFOPLIST_KEY_UILaunchStoryboardName = LaunchScreen;
				INFOPLIST_KEY_UISupportedInterfaceOrientations = UIInterfaceOrientationPortrait;
				INFOPLIST_KEY_UISupportedInterfaceOrientations_iPad = "UIInterfaceOrientationLandscapeLeft UIInterfaceOrientationLandscapeRight UIInterfaceOrientationPortrait UIInterfaceOrientationPortraitUpsideDown";
				IPHONEOS_DEPLOYMENT_TARGET = 17.6;
				LD_RUNPATH_SEARCH_PATHS = (
					"$(inherited)",
					"@executable_path/Frameworks",
				);
				MARKETING_VERSION = 1.0;
				PRODUCT_BUNDLE_IDENTIFIER = com.xezom.social.SekretulkaApp;
				PRODUCT_NAME = "$(TARGET_NAME)";
				PROVISIONING_PROFILE_SPECIFIER = "";
				STRING_CATALOG_GENERATE_SYMBOLS = YES;
				SUPPORTED_PLATFORMS = "iphoneos iphonesimulator";
				SUPPORTS_MACCATALYST = NO;
				SUPPORTS_MAC_DESIGNED_FOR_IPHONE_IPAD = NO;
				SUPPORTS_XR_DESIGNED_FOR_IPHONE_IPAD = NO;
				SWIFT_APPROACHABLE_CONCURRENCY = YES;
				SWIFT_DEFAULT_ACTOR_ISOLATION = MainActor;
				SWIFT_EMIT_LOC_STRINGS = YES;
				SWIFT_UPCOMING_FEATURE_MEMBER_IMPORT_VISIBILITY = YES;
				SWIFT_VERSION = 5.0;
				TARGETED_DEVICE_FAMILY = 1;
			};
			name = Debug;
		};
		DA1E55D22EB13D2500EC7F32 /* Release */ = {
			isa = XCBuildConfiguration;
			buildSettings = {
				ASSETCATALOG_COMPILER_APPICON_NAME = AppIcon;
				ASSETCATALOG_COMPILER_GLOBAL_ACCENT_COLOR_NAME = AccentColor;
				CODE_SIGN_IDENTITY = "Apple Development";
				CODE_SIGN_STYLE = Automatic;
				CURRENT_PROJECT_VERSION = 1;
				DEVELOPMENT_TEAM = HLZY6MSJKT;
				GENERATE_INFOPLIST_FILE = YES;
				INFOPLIST_FILE = SekretulkaApp/Configuration/AppSettings/Info.plist;
				INFOPLIST_KEY_UIApplicationSupportsIndirectInputEvents = YES;
				INFOPLIST_KEY_UILaunchStoryboardName = LaunchScreen;
				INFOPLIST_KEY_UISupportedInterfaceOrientations = UIInterfaceOrientationPortrait;
				INFOPLIST_KEY_UISupportedInterfaceOrientations_iPad = "UIInterfaceOrientationLandscapeLeft UIInterfaceOrientationLandscapeRight UIInterfaceOrientationPortrait UIInterfaceOrientationPortraitUpsideDown";
				IPHONEOS_DEPLOYMENT_TARGET = 17.6;
				LD_RUNPATH_SEARCH_PATHS = (
					"$(inherited)",
					"@executable_path/Frameworks",
				);
				MARKETING_VERSION = 1.0;
				PRODUCT_BUNDLE_IDENTIFIER = com.xezom.social.SekretulkaApp;
				PRODUCT_NAME = "$(TARGET_NAME)";
				PROVISIONING_PROFILE_SPECIFIER = "";
				STRING_CATALOG_GENERATE_SYMBOLS = YES;
				SUPPORTED_PLATFORMS = "iphoneos iphonesimulator";
				SUPPORTS_MACCATALYST = NO;
				SUPPORTS_MAC_DESIGNED_FOR_IPHONE_IPAD = NO;
				SUPPORTS_XR_DESIGNED_FOR_IPHONE_IPAD = NO;
				SWIFT_APPROACHABLE_CONCURRENCY = YES;
				SWIFT_DEFAULT_ACTOR_ISOLATION = MainActor;
				SWIFT_EMIT_LOC_STRINGS = YES;
				SWIFT_UPCOMING_FEATURE_MEMBER_IMPORT_VISIBILITY = YES;
				SWIFT_VERSION = 5.0;
				TARGETED_DEVICE_FAMILY = 1;
			};
			name = Release;
		};
		DA1E55D32EB13D2500EC7F32 /* Debug */ = {
			isa = XCBuildConfiguration;
			buildSettings = {
				ALWAYS_SEARCH_USER_PATHS = NO;
				ASSETCATALOG_COMPILER_GENERATE_SWIFT_ASSET_SYMBOL_EXTENSIONS = YES;
				CLANG_ANALYZER_NONNULL = YES;
				CLANG_ANALYZER_NUMBER_OBJECT_CONVERSION = YES_AGGRESSIVE;
				CLANG_CXX_LANGUAGE_STANDARD = "gnu++20";
				CLANG_ENABLE_MODULES = YES;
				CLANG_ENABLE_OBJC_ARC = YES;
				CLANG_ENABLE_OBJC_WEAK = YES;
				CLANG_WARN_BLOCK_CAPTURE_AUTORELEASING = YES;
				CLANG_WARN_BOOL_CONVERSION = YES;
				CLANG_WARN_COMMA = YES;
				CLANG_WARN_CONSTANT_CONVERSION = YES;
				CLANG_WARN_DEPRECATED_OBJC_IMPLEMENTATIONS = YES;
				CLANG_WARN_DIRECT_OBJC_ISA_USAGE = YES_ERROR;
				CLANG_WARN_DOCUMENTATION_COMMENTS = YES;
				CLANG_WARN_EMPTY_BODY = YES;
				CLANG_WARN_ENUM_CONVERSION = YES;
				CLANG_WARN_INFINITE_RECURSION = YES;
				CLANG_WARN_INT_CONVERSION = YES;
				CLANG_WARN_NON_LITERAL_NULL_CONVERSION = YES;
				CLANG_WARN_OBJC_IMPLICIT_RETAIN_SELF = YES;
				CLANG_WARN_OBJC_LITERAL_CONVERSION = YES;
				CLANG_WARN_OBJC_ROOT_CLASS = YES_ERROR;
				CLANG_WARN_QUOTED_INCLUDE_IN_FRAMEWORK_HEADER = YES;
				CLANG_WARN_RANGE_LOOP_ANALYSIS = YES;
				CLANG_WARN_STRICT_PROTOTYPES = YES;
				CLANG_WARN_SUSPICIOUS_MOVE = YES;
				CLANG_WARN_UNGUARDED_AVAILABILITY = YES_AGGRESSIVE;
				CLANG_WARN_UNREACHABLE_CODE = YES;
				CLANG_WARN__DUPLICATE_METHOD_MATCH = YES;
				COPY_PHASE_STRIP = NO;
				DEBUG_INFORMATION_FORMAT = dwarf;
				ENABLE_STRICT_OBJC_MSGSEND = YES;
				ENABLE_TESTABILITY = YES;
				ENABLE_USER_SCRIPT_SANDBOXING = YES;
				GCC_C_LANGUAGE_STANDARD = gnu17;
				GCC_DYNAMIC_NO_PIC = NO;
				GCC_NO_COMMON_BLOCKS = YES;
				GCC_OPTIMIZATION_LEVEL = 0;
				GCC_PREPROCESSOR_DEFINITIONS = (
					"DEBUG=1",
					"$(inherited)",
				);
				GCC_WARN_64_TO_32_BIT_CONVERSION = YES;
				GCC_WARN_ABOUT_RETURN_TYPE = YES_ERROR;
				GCC_WARN_UNDECLARED_SELECTOR = YES;
				GCC_WARN_UNINITIALIZED_AUTOS = YES_AGGRESSIVE;
				GCC_WARN_UNUSED_FUNCTION = YES;
				GCC_WARN_UNUSED_VARIABLE = YES;
				IPHONEOS_DEPLOYMENT_TARGET = 26.0;
				LOCALIZATION_PREFERS_STRING_CATALOGS = YES;
				MTL_ENABLE_DEBUG_INFO = INCLUDE_SOURCE;
				MTL_FAST_MATH = YES;
				ONLY_ACTIVE_ARCH = YES;
				SDKROOT = iphoneos;
				SWIFT_ACTIVE_COMPILATION_CONDITIONS = "DEBUG $(inherited)";
				SWIFT_EMIT_LOC_STRINGS = YES;
				SWIFT_OPTIMIZATION_LEVEL = "-Onone";
			};
			name = Debug;
		};
		DA1E55D42EB13D2500EC7F32 /* Release */ = {
			isa = XCBuildConfiguration;
			buildSettings = {
				ALWAYS_SEARCH_USER_PATHS = NO;
				ASSETCATALOG_COMPILER_GENERATE_SWIFT_ASSET_SYMBOL_EXTENSIONS = YES;
				CLANG_ANALYZER_NONNULL = YES;
				CLANG_ANALYZER_NUMBER_OBJECT_CONVERSION = YES_AGGRESSIVE;
				CLANG_CXX_LANGUAGE_STANDARD = "gnu++20";
				CLANG_ENABLE_MODULES = YES;
				CLANG_ENABLE_OBJC_ARC = YES;
				CLANG_ENABLE_OBJC_WEAK = YES;
				CLANG_WARN_BLOCK_CAPTURE_AUTORELEASING = YES;
				CLANG_WARN_BOOL_CONVERSION = YES;
				CLANG_WARN_COMMA = YES;
				CLANG_WARN_CONSTANT_CONVERSION = YES;
				CLANG_WARN_DEPRECATED_OBJC_IMPLEMENTATIONS = YES;
				CLANG_WARN_DIRECT_OBJC_ISA_USAGE = YES_ERROR;
				CLANG_WARN_DOCUMENTATION_COMMENTS = YES;
				CLANG_WARN_EMPTY_BODY = YES;
				CLANG_WARN_ENUM_CONVERSION = YES;
				CLANG_WARN_INFINITE_RECURSION = YES;
				CLANG_WARN_INT_CONVERSION = YES;
				CLANG_WARN_NON_LITERAL_NULL_CONVERSION = YES;
				CLANG_WARN_OBJC_IMPLICIT_RETAIN_SELF = YES;
				CLANG_WARN_OBJC_LITERAL_CONVERSION = YES;
				CLANG_WARN_OBJC_ROOT_CLASS = YES_ERROR;
				CLANG_WARN_QUOTED_INCLUDE_IN_FRAMEWORK_HEADER = YES;
				CLANG_WARN_RANGE_LOOP_ANALYSIS = YES;
				CLANG_WARN_STRICT_PROTOTYPES = YES;
				CLANG_WARN_SUSPICIOUS_MOVE = YES;
				CLANG_WARN_UNGUARDED_AVAILABILITY = YES_AGGRESSIVE;
				CLANG_WARN_UNREACHABLE_CODE = YES;
				CLANG_WARN__DUPLICATE_METHOD_MATCH = YES;
				COPY_PHASE_STRIP = NO;
				DEBUG_INFORMATION_FORMAT = "dwarf-with-dsym";
				ENABLE_NS_ASSERTIONS = NO;
				ENABLE_STRICT_OBJC_MSGSEND = YES;
				ENABLE_USER_SCRIPT_SANDBOXING = YES;
				GCC_C_LANGUAGE_STANDARD = gnu17;
				GCC_NO_COMMON_BLOCKS = YES;
				GCC_WARN_64_TO_32_BIT_CONVERSION = YES;
				GCC_WARN_ABOUT_RETURN_TYPE = YES_ERROR;
				GCC_WARN_UNDECLARED_SELECTOR = YES;
				GCC_WARN_UNINITIALIZED_AUTOS = YES_AGGRESSIVE;
				GCC_WARN_UNUSED_FUNCTION = YES;
				GCC_WARN_UNUSED_VARIABLE = YES;
				IPHONEOS_DEPLOYMENT_TARGET = 26.0;
				LOCALIZATION_PREFERS_STRING_CATALOGS = YES;
				MTL_ENABLE_DEBUG_INFO = NO;
				MTL_FAST_MATH = YES;
				SDKROOT = iphoneos;
				SWIFT_COMPILATION_MODE = wholemodule;
				SWIFT_EMIT_LOC_STRINGS = YES;
				VALIDATE_PRODUCT = YES;
			};
			name = Release;
		};
/* End XCBuildConfiguration section */

/* Begin XCConfigurationList section */
		DA1E55B52EB13D2300EC7F32 /* Build configuration list for PBXProject "SekretulkaApp" */ = {
			isa = XCConfigurationList;
			buildConfigurations = (
				DA1E55D32EB13D2500EC7F32 /* Debug */,
				DA1E55D42EB13D2500EC7F32 /* Release */,
			);
			defaultConfigurationIsVisible = 0;
			defaultConfigurationName = Release;
		};
		DA1E55D02EB13D2500EC7F32 /* Build configuration list for PBXNativeTarget "SekretulkaApp" */ = {
			isa = XCConfigurationList;
			buildConfigurations = (
				DA1E55D12EB13D2500EC7F32 /* Debug */,
				DA1E55D22EB13D2500EC7F32 /* Release */,
			);
			defaultConfigurationIsVisible = 0;
			defaultConfigurationName = Release;
		};
/* End XCConfigurationList section */

/* Begin XCVersionGroup section */
		DA1E55DD2EB13DAC00EC7F32 /* SekretulkaApp.xcdatamodeld */ = {
			isa = XCVersionGroup;
			children = (
				DA1E55E02EB13DAC00EC7F32 /* SekretulkaApp.xcdatamodel */,
			);
			currentVersion = DA1E55E02EB13DAC00EC7F32 /* SekretulkaApp.xcdatamodel */;
			path = SekretulkaApp.xcdatamodeld;
			sourceTree = "<group>";
			versionGroupType = wrapper.xcdatamodel;
		};
/* End XCVersionGroup section */
	};
	rootObject = DA1E55B22EB13D2300EC7F32 /* Project object */;
}
